
Microsoft Visual Studio Solution File, Format Version 12.00
# Visual Studio Version 17
VisualStudioVersion = 17.8.34316.72
MinimumVisualStudioVersion = 10.0.40219.1
Project("{FAE04EC0-301F-11D3-BF4B-00C04F79EFBC}") = "Laborotorna4", "Laborotorna4.csproj", "{549989AC-EBAD-46EC-BFC9-132E54A4ECE0}"
EndProject
Global
	GlobalSection(SolutionConfigurationPlatforms) = preSolution
		Debug|Any CPU = Debug|Any CPU
		Release|Any CPU = Release|Any CPU
	EndGlobalSection
	GlobalSection(ProjectConfigurationPlatforms) = postSolution
		{549989AC-EBAD-46EC-BFC9-132E54A4ECE0}.Debug|Any CPU.ActiveCfg = Debug|Any CPU
		{549989AC-EBAD-46EC-BFC9-132E54A4ECE0}.Debug|Any CPU.Build.0 = Debug|Any CPU
		{549989AC-EBAD-46EC-BFC9-132E54A4ECE0}.Release|Any CPU.ActiveCfg = Release|Any CPU
		{549989AC-EBAD-46EC-BFC9-132E54A4ECE0}.Release|Any CPU.Build.0 = Release|Any CPU
	EndGlobalSection
	GlobalSection(SolutionProperties) = preSolution
		HideSolutionNode = FALSE
	EndGlobalSection
	GlobalSection(ExtensibilityGlobals) = postSolution
		SolutionGuid = {DEEA0CE5-DDAC-4CB8-9EB8-70B32CC9ADA5}
	EndGlobalSection
EndGlobal
